{
  "name": "log-cli-test-kyle",
  "version": "0.0.1",
  "lockfileVersion": 1,
  "requires": true,
  "dependencies": {
    "chalk": {
      "version": "5.0.0",
      "resolved": "https://registry.npmjs.org/chalk/-/chalk-5.0.0.tgz",
      "integrity": "sha512-/duVOqst+luxCQRKEo4bNxinsOQtMP80ZYm7mMqzuh5PociNL0PvmHFvREJ9ueYL2TxlHjBcmLCdmocx9Vg+IQ=="
    },
    "commander": {
      "version": "9.0.0",
      "resolved": "https://registry.npmjs.org/commander/-/commander-9.0.0.tgz",
      "integrity": "sha512-JJfP2saEKbQqvW+FI93OYUB4ByV5cizMpFMiiJI8xDbBvQvSkIk0VvQdn1CZ8mqAO8Loq2h0gYTYtDFUZUeERw=="
    },
    "log-core": {
      "version": "1.0.1",
      "resolved": "https://registry.npmjs.org/log-core/-/log-core-1.0.1.tgz",
      "integrity": "sha512-JM7z6BqtQbhoLjY9WAHrWBKKU8JLB0q2h95cWsUG/dD1c3rqBRR39B7NWP1aQGQyoGQYQYgpqf7LyNbxVx8nLQ=="
    },
    "log-core-test-kyle": {
      "version": "0.0.1",
      "resolved": "https://registry.npmjs.org/log-core-test-kyle/-/log-core-test-kyle-0.0.1.tgz",
      "integrity": "sha512-Moje/ee2ayA/xxMguomhsXyuI1hV9YJQHeU+tFRSJrOVdULicX78qI/MGknfp6yfz1uvbu566qjusjzIGX5Hug==",
      "requires": {
        "chalk": "^5.0.0"
      }
    }
  }
}
